
Microsoft Visual Studio Solution File, Format Version 12.00
# Visual Studio Version 16
VisualStudioVersion = 16.0.30611.23
MinimumVisualStudioVersion = 10.0.40219.1
Project("{FAE04EC0-301F-11D3-BF4B-00C04F79EFBC}") = "lab9", "lab9.csproj", "{FD48F469-0B56-4E97-96B8-82D592117F33}"
EndProject
Global
	GlobalSection(SolutionConfigurationPlatforms) = preSolution
		Debug|Any CPU = Debug|Any CPU
		Release|Any CPU = Release|Any CPU
	EndGlobalSection
	GlobalSection(ProjectConfigurationPlatforms) = postSolution
		{FD48F469-0B56-4E97-96B8-82D592117F33}.Debug|Any CPU.ActiveCfg = Debug|Any CPU
		{FD48F469-0B56-4E97-96B8-82D592117F33}.Debug|Any CPU.Build.0 = Debug|Any CPU
		{FD48F469-0B56-4E97-96B8-82D592117F33}.Release|Any CPU.ActiveCfg = Release|Any CPU
		{FD48F469-0B56-4E97-96B8-82D592117F33}.Release|Any CPU.Build.0 = Release|Any CPU
	EndGlobalSection
	GlobalSection(SolutionProperties) = preSolution
		HideSolutionNode = FALSE
	EndGlobalSection
	GlobalSection(ExtensibilityGlobals) = postSolution
		SolutionGuid = {66963F80-23D8-4624-9D46-B4A6D7F58B47}
	EndGlobalSection
EndGlobal
